
Microsoft Visual Studio Solution File, Format Version 12.00
# Visual Studio Version 17
VisualStudioVersion = 17.8.34408.163
MinimumVisualStudioVersion = 10.0.40219.1
Project("{9A19103F-16F7-4668-BE54-9A1E7A4F7556}") = "TangyWeb_Server", "TangyWeb_Server\TangyWeb_Server.csproj", "{0F2917C7-46EC-4738-B225-6B403008F43D}"
EndProject
Project("{9A19103F-16F7-4668-BE54-9A1E7A4F7556}") = "TangyWeb_Client", "TangyWeb_Client\TangyWeb_Client.csproj", "{46A237EF-61CD-4CFD-91E6-53CBD8A9C81D}"
EndProject
Project("{9A19103F-16F7-4668-BE54-9A1E7A4F7556}") = "Tangy_Models", "Tangy_Models\Tangy_Models.csproj", "{487939C3-3F6D-4689-BA99-1B96B5E4E3EB}"
EndProject
Project("{9A19103F-16F7-4668-BE54-9A1E7A4F7556}") = "Tangy_Business", "Tangy_Business\Tangy_Business.csproj", "{B18862BA-6ECC-4192-B004-7319F02144A3}"
EndProject
Project("{9A19103F-16F7-4668-BE54-9A1E7A4F7556}") = "Tangy_Common", "Tangy_Common\Tangy_Common.csproj", "{DC7767FF-813C-4E7F-8F46-ECD888A65155}"
EndProject
Project("{9A19103F-16F7-4668-BE54-9A1E7A4F7556}") = "Tangy_DataAccess", "Tangy_DataAccess\Tangy_DataAccess.csproj", "{C95BB71C-81EA-4F4D-9DBF-B057417496DB}"
EndProject
Project("{FAE04EC0-301F-11D3-BF4B-00C04F79EFBC}") = "TangyWeb_API", "TangyWeb_API\TangyWeb_API.csproj", "{B314FF22-BBAD-4134-9FA4-F4D7B8A4EB0A}"
EndProject
Global
	GlobalSection(SolutionConfigurationPlatforms) = preSolution
		Debug|Any CPU = Debug|Any CPU
		Release|Any CPU = Release|Any CPU
	EndGlobalSection
	GlobalSection(ProjectConfigurationPlatforms) = postSolution
		{0F2917C7-46EC-4738-B225-6B403008F43D}.Debug|Any CPU.ActiveCfg = Debug|Any CPU
		{0F2917C7-46EC-4738-B225-6B403008F43D}.Debug|Any CPU.Build.0 = Debug|Any CPU
		{0F2917C7-46EC-4738-B225-6B403008F43D}.Release|Any CPU.ActiveCfg = Release|Any CPU
		{0F2917C7-46EC-4738-B225-6B403008F43D}.Release|Any CPU.Build.0 = Release|Any CPU
		{46A237EF-61CD-4CFD-91E6-53CBD8A9C81D}.Debug|Any CPU.ActiveCfg = Debug|Any CPU
		{46A237EF-61CD-4CFD-91E6-53CBD8A9C81D}.Debug|Any CPU.Build.0 = Debug|Any CPU
		{46A237EF-61CD-4CFD-91E6-53CBD8A9C81D}.Release|Any CPU.ActiveCfg = Release|Any CPU
		{46A237EF-61CD-4CFD-91E6-53CBD8A9C81D}.Release|Any CPU.Build.0 = Release|Any CPU
		{487939C3-3F6D-4689-BA99-1B96B5E4E3EB}.Debug|Any CPU.ActiveCfg = Debug|Any CPU
		{487939C3-3F6D-4689-BA99-1B96B5E4E3EB}.Debug|Any CPU.Build.0 = Debug|Any CPU
		{487939C3-3F6D-4689-BA99-1B96B5E4E3EB}.Release|Any CPU.ActiveCfg = Release|Any CPU
		{487939C3-3F6D-4689-BA99-1B96B5E4E3EB}.Release|Any CPU.Build.0 = Release|Any CPU
		{B18862BA-6ECC-4192-B004-7319F02144A3}.Debug|Any CPU.ActiveCfg = Debug|Any CPU
		{B18862BA-6ECC-4192-B004-7319F02144A3}.Debug|Any CPU.Build.0 = Debug|Any CPU
		{B18862BA-6ECC-4192-B004-7319F02144A3}.Release|Any CPU.ActiveCfg = Release|Any CPU
		{B18862BA-6ECC-4192-B004-7319F02144A3}.Release|Any CPU.Build.0 = Release|Any CPU
		{DC7767FF-813C-4E7F-8F46-ECD888A65155}.Debug|Any CPU.ActiveCfg = Debug|Any CPU
		{DC7767FF-813C-4E7F-8F46-ECD888A65155}.Debug|Any CPU.Build.0 = Debug|Any CPU
		{DC7767FF-813C-4E7F-8F46-ECD888A65155}.Release|Any CPU.ActiveCfg = Release|Any CPU
		{DC7767FF-813C-4E7F-8F46-ECD888A65155}.Release|Any CPU.Build.0 = Release|Any CPU
		{C95BB71C-81EA-4F4D-9DBF-B057417496DB}.Debug|Any CPU.ActiveCfg = Debug|Any CPU
		{C95BB71C-81EA-4F4D-9DBF-B057417496DB}.Debug|Any CPU.Build.0 = Debug|Any CPU
		{C95BB71C-81EA-4F4D-9DBF-B057417496DB}.Release|Any CPU.ActiveCfg = Release|Any CPU
		{C95BB71C-81EA-4F4D-9DBF-B057417496DB}.Release|Any CPU.Build.0 = Release|Any CPU
		{B314FF22-BBAD-4134-9FA4-F4D7B8A4EB0A}.Debug|Any CPU.ActiveCfg = Debug|Any CPU
		{B314FF22-BBAD-4134-9FA4-F4D7B8A4EB0A}.Debug|Any CPU.Build.0 = Debug|Any CPU
		{B314FF22-BBAD-4134-9FA4-F4D7B8A4EB0A}.Release|Any CPU.ActiveCfg = Release|Any CPU
		{B314FF22-BBAD-4134-9FA4-F4D7B8A4EB0A}.Release|Any CPU.Build.0 = Release|Any CPU
	EndGlobalSection
	GlobalSection(SolutionProperties) = preSolution
		HideSolutionNode = FALSE
	EndGlobalSection
	GlobalSection(ExtensibilityGlobals) = postSolution
		SolutionGuid = {34D473FB-7992-4FE8-ADC0-F493A82E16E2}
	EndGlobalSection
EndGlobal
